
Microsoft Visual Studio Solution File, Format Version 12.00
# Visual Studio Version 17
VisualStudioVersion = 17.7.34024.191
MinimumVisualStudioVersion = 10.0.40219.1
Project("{FAE04EC0-301F-11D3-BF4B-00C04F79EFBC}") = "APP", "APP\APP.csproj", "{C88AB48A-E666-4391-BA62-05DD4F86E758}"
EndProject
Project("{8BC9CEB8-8B4A-11D0-8D11-00A0C91BC942}") = "NImageDLL", "NImageDLL\NImageDLL.vcxproj", "{63832A7F-BE6D-4F3B-ADBA-771166373DEF}"
EndProject
Project("{8BC9CEB8-8B4A-11D0-8D11-00A0C91BC942}") = "NImageProcessDLL", "NImageProcessDLL\NImageProcessDLL.vcxproj", "{72BAC2CE-FBE9-4F00-903B-B521F7F32F91}"
EndProject
Global
	GlobalSection(SolutionConfigurationPlatforms) = preSolution
		Debug|Any CPU = Debug|Any CPU
		Debug|x64 = Debug|x64
		Debug|x86 = Debug|x86
		Release|Any CPU = Release|Any CPU
		Release|x64 = Release|x64
		Release|x86 = Release|x86
	EndGlobalSection
	GlobalSection(ProjectConfigurationPlatforms) = postSolution
		{C88AB48A-E666-4391-BA62-05DD4F86E758}.Debug|Any CPU.ActiveCfg = Debug|Any CPU
		{C88AB48A-E666-4391-BA62-05DD4F86E758}.Debug|Any CPU.Build.0 = Debug|Any CPU
		{C88AB48A-E666-4391-BA62-05DD4F86E758}.Debug|x64.ActiveCfg = Debug|Any CPU
		{C88AB48A-E666-4391-BA62-05DD4F86E758}.Debug|x64.Build.0 = Debug|Any CPU
		{C88AB48A-E666-4391-BA62-05DD4F86E758}.Debug|x86.ActiveCfg = Debug|Any CPU
		{C88AB48A-E666-4391-BA62-05DD4F86E758}.Debug|x86.Build.0 = Debug|Any CPU
		{C88AB48A-E666-4391-BA62-05DD4F86E758}.Release|Any CPU.ActiveCfg = Release|Any CPU
		{C88AB48A-E666-4391-BA62-05DD4F86E758}.Release|Any CPU.Build.0 = Release|Any CPU
		{C88AB48A-E666-4391-BA62-05DD4F86E758}.Release|x64.ActiveCfg = Release|Any CPU
		{C88AB48A-E666-4391-BA62-05DD4F86E758}.Release|x64.Build.0 = Release|Any CPU
		{C88AB48A-E666-4391-BA62-05DD4F86E758}.Release|x86.ActiveCfg = Release|Any CPU
		{C88AB48A-E666-4391-BA62-05DD4F86E758}.Release|x86.Build.0 = Release|Any CPU
		{63832A7F-BE6D-4F3B-ADBA-771166373DEF}.Debug|Any CPU.ActiveCfg = Debug|x64
		{63832A7F-BE6D-4F3B-ADBA-771166373DEF}.Debug|Any CPU.Build.0 = Debug|x64
		{63832A7F-BE6D-4F3B-ADBA-771166373DEF}.Debug|x64.ActiveCfg = Debug|x64
		{63832A7F-BE6D-4F3B-ADBA-771166373DEF}.Debug|x64.Build.0 = Debug|x64
		{63832A7F-BE6D-4F3B-ADBA-771166373DEF}.Debug|x86.ActiveCfg = Debug|Win32
		{63832A7F-BE6D-4F3B-ADBA-771166373DEF}.Debug|x86.Build.0 = Debug|Win32
		{63832A7F-BE6D-4F3B-ADBA-771166373DEF}.Release|Any CPU.ActiveCfg = Release|x64
		{63832A7F-BE6D-4F3B-ADBA-771166373DEF}.Release|Any CPU.Build.0 = Release|x64
		{63832A7F-BE6D-4F3B-ADBA-771166373DEF}.Release|x64.ActiveCfg = Release|x64
		{63832A7F-BE6D-4F3B-ADBA-771166373DEF}.Release|x64.Build.0 = Release|x64
		{63832A7F-BE6D-4F3B-ADBA-771166373DEF}.Release|x86.ActiveCfg = Release|Win32
		{63832A7F-BE6D-4F3B-ADBA-771166373DEF}.Release|x86.Build.0 = Release|Win32
		{72BAC2CE-FBE9-4F00-903B-B521F7F32F91}.Debug|Any CPU.ActiveCfg = Debug|x64
		{72BAC2CE-FBE9-4F00-903B-B521F7F32F91}.Debug|Any CPU.Build.0 = Debug|x64
		{72BAC2CE-FBE9-4F00-903B-B521F7F32F91}.Debug|x64.ActiveCfg = Debug|x64
		{72BAC2CE-FBE9-4F00-903B-B521F7F32F91}.Debug|x64.Build.0 = Debug|x64
		{72BAC2CE-FBE9-4F00-903B-B521F7F32F91}.Debug|x86.ActiveCfg = Debug|Win32
		{72BAC2CE-FBE9-4F00-903B-B521F7F32F91}.Debug|x86.Build.0 = Debug|Win32
		{72BAC2CE-FBE9-4F00-903B-B521F7F32F91}.Release|Any CPU.ActiveCfg = Release|x64
		{72BAC2CE-FBE9-4F00-903B-B521F7F32F91}.Release|Any CPU.Build.0 = Release|x64
		{72BAC2CE-FBE9-4F00-903B-B521F7F32F91}.Release|x64.ActiveCfg = Release|x64
		{72BAC2CE-FBE9-4F00-903B-B521F7F32F91}.Release|x64.Build.0 = Release|x64
		{72BAC2CE-FBE9-4F00-903B-B521F7F32F91}.Release|x86.ActiveCfg = Release|Win32
		{72BAC2CE-FBE9-4F00-903B-B521F7F32F91}.Release|x86.Build.0 = Release|Win32
	EndGlobalSection
	GlobalSection(SolutionProperties) = preSolution
		HideSolutionNode = FALSE
	EndGlobalSection
	GlobalSection(ExtensibilityGlobals) = postSolution
		SolutionGuid = {40048F43-4867-4D25-AFA7-4AADD0070BF1}
	EndGlobalSection
EndGlobal
