
Microsoft Visual Studio Solution File, Format Version 12.00
# Visual Studio Version 17
VisualStudioVersion = 17.7.34024.191
MinimumVisualStudioVersion = 10.0.40219.1
Project("{FAE04EC0-301F-11D3-BF4B-00C04F79EFBC}") = "CH4_APP", "CH4_APP\CH4_APP.csproj", "{0DCB35E9-254A-4829-900E-FF9C2687674B}"
EndProject
Global
	GlobalSection(SolutionConfigurationPlatforms) = preSolution
		Debug|Any CPU = Debug|Any CPU
		Release|Any CPU = Release|Any CPU
	EndGlobalSection
	GlobalSection(ProjectConfigurationPlatforms) = postSolution
		{0DCB35E9-254A-4829-900E-FF9C2687674B}.Debug|Any CPU.ActiveCfg = Debug|Any CPU
		{0DCB35E9-254A-4829-900E-FF9C2687674B}.Debug|Any CPU.Build.0 = Debug|Any CPU
		{0DCB35E9-254A-4829-900E-FF9C2687674B}.Release|Any CPU.ActiveCfg = Release|Any CPU
		{0DCB35E9-254A-4829-900E-FF9C2687674B}.Release|Any CPU.Build.0 = Release|Any CPU
	EndGlobalSection
	GlobalSection(SolutionProperties) = preSolution
		HideSolutionNode = FALSE
	EndGlobalSection
	GlobalSection(ExtensibilityGlobals) = postSolution
		SolutionGuid = {CB38EDA5-088A-486D-9CAA-9F2E7734CDD4}
	EndGlobalSection
EndGlobal
